# Generated by pub
# See http://pub.dartlang.org/doc/glossary.html#lockfile
packages:
  analyzer:
    description: analyzer
    source: hosted
    version: "0.25.0+1"
  args:
    description: args
    source: hosted
    version: "0.13.1"
  async:
    description:
      ref: null
      resolved-ref: "912c467af93b55f5baf37eb4fceae717e5b18e3d"
      url: "git://github.com/dart-lang/async"
    source: git
    version: "1.2.0-dev"
  barback:
    description: barback
    source: hosted
    version: "0.15.2+4"
  collection:
    description: collection
    source: hosted
    version: "1.1.1"
  compiler_unsupported:
    description: compiler_unsupported
    source: hosted
    version: "1.10.1"
  crypto:
    description: crypto
    source: hosted
    version: "0.9.0"
  glob:
    description: glob
    source: hosted
    version: "1.0.4"
  http:
    description: http
    source: hosted
    version: "0.11.2"
  http_multi_server:
    description: http_multi_server
    source: hosted
    version: "1.3.2"
  http_parser:
    description: http_parser
    source: hosted
    version: "0.0.2+6"
  http_throttle:
    description: http_throttle
    source: hosted
    version: "1.0.0"
  json_rpc_2:
    description: json_rpc_2
    source: hosted
    version: "1.1.1"
  matcher:
    description: matcher
    source: hosted
    version: "0.12.0+1"
  mime:
    description: mime
    source: hosted
    version: "0.9.3"
  oauth2:
    description: oauth2
    source: hosted
    version: "0.9.3"
  path:
    description: path
    source: hosted
    version: "1.3.5"
  pool:
    description: pool
    source: hosted
    version: "1.1.0"
  pub_semver:
    description: pub_semver
    source: hosted
    version: "1.2.1"
  scheduled_test:
    description: scheduled_test
    source: hosted
    version: "0.12.1+1"
  shelf:
    description: shelf
    source: hosted
    version: "0.5.7"
  shelf_static:
    description: shelf_static
    source: hosted
    version: "0.2.2"
  shelf_web_socket:
    description: shelf_web_socket
    source: hosted
    version: "0.0.1+2"
  source_map_stack_trace:
    description: source_map_stack_trace
    source: hosted
    version: "1.0.4"
  source_maps:
    description: source_maps
    source: hosted
    version: "0.10.1"
  source_span:
    description: source_span
    source: hosted
    version: "1.1.2"
  stack_trace:
    description: stack_trace
    source: hosted
    version: "1.3.3"
  string_scanner:
    description: string_scanner
    source: hosted
    version: "0.1.3+1"
  test:
    description:
      ref: "68ca1a2d918de671ca001a4cd2e1ed9546a909dc"
      resolved-ref: "68ca1a2d918de671ca001a4cd2e1ed9546a909dc"
      url: "https://github.com/dart-lang/test"
    source: git
    version: "0.12.4-dev"
  watcher:
    description: watcher
    source: hosted
    version: "0.9.5"
  yaml:
    description: yaml
    source: hosted
    version: "2.1.2"
